PODS:
  - StanwoodCore (1.4.1)
  - StanwoodDebugger (1.0.2):
    - StanwoodCore (~> 1.4.1)
    - Toast-Swift (~> 4.0.1)
  - Toast-Swift (4.0.1)

DEPENDENCIES:
  - StanwoodCore (~> 1.4.1)
  - StanwoodDebugger (from `../`)

SPEC REPOS:
  https://github.com/cocoapods/specs.git:
    - StanwoodCore
    - Toast-Swift

EXTERNAL SOURCES:
  StanwoodDebugger:
    :path: "../"

SPEC CHECKSUMS:
  StanwoodCore: 9f58032a58b16e9b5ebbb2906b7888d87c098642
  StanwoodDebugger: 89fdd39feeee00a65d1862d1cae48b7749e80b2c
  Toast-Swift: e42a638589a2f95036b4bb7626cfbdde7daf0393

PODFILE CHECKSUM: d9da7538a1f96fc96c8e13d2f601e09605b903af

COCOAPODS: 1.6.1
