PODS:
  - StanwoodCore (1.4.1)
  - StanwoodDebugger (0.2.1):
    - StanwoodCore (~> 1.4.1)

DEPENDENCIES:
  - StanwoodCore (~> 1.4.1)
  - StanwoodDebugger (from `../`)

SPEC REPOS:
  https://github.com/cocoapods/specs.git:
    - StanwoodCore

EXTERNAL SOURCES:
  StanwoodDebugger:
    :path: "../"

SPEC CHECKSUMS:
  StanwoodCore: 9f58032a58b16e9b5ebbb2906b7888d87c098642
  StanwoodDebugger: cb003fc600c3c28b396c6cf8bf7281fc98e8ef59

PODFILE CHECKSUM: b1697111f3c092fc5d25e1bcefca1007f1ade949

COCOAPODS: 1.5.3
