PODS:
  - SourceModel (1.0.1):
    - StanwoodCore (= 1.5.1)
  - StanwoodCore (1.5.1)
  - StanwoodDebugger (1.1.0):
    - SourceModel
    - StanwoodCore (~> 1.5.0)
    - Toast-Swift (~> 4.0.1)
  - Toast-Swift (4.0.1)

DEPENDENCIES:
  - StanwoodDebugger (from `../`)

SPEC REPOS:
  https://github.com/cocoapods/specs.git:
    - SourceModel
    - StanwoodCore
    - Toast-Swift

EXTERNAL SOURCES:
  StanwoodDebugger:
    :path: "../"

SPEC CHECKSUMS:
  SourceModel: 61917188693d28ee3c5e1dbcf11310568289f498
  StanwoodCore: d7f9828ed2fde655249d489c47591eae3e4a1464
  StanwoodDebugger: 1ef885cb67ca3c957bcea650e0f7f0f3384c2dbb
  Toast-Swift: e42a638589a2f95036b4bb7626cfbdde7daf0393

PODFILE CHECKSUM: ab1ff916781fc586b580a407b47c73cc6c2bc217

COCOAPODS: 1.7.3
